
Microsoft Visual Studio Solution File, Format Version 12.00
# Visual Studio Version 17
VisualStudioVersion = 17.11.35327.3
MinimumVisualStudioVersion = 10.0.40219.1
Project("{FAE04EC0-301F-11D3-BF4B-00C04F79EFBC}") = "S3Client", "S3Handler\S3Client.csproj", "{61DDCCDC-69B4-4243-9168-145287EAF00A}"
EndProject
Global
	GlobalSection(SolutionConfigurationPlatforms) = preSolution
		Debug|Any CPU = Debug|Any CPU
		Release|Any CPU = Release|Any CPU
	EndGlobalSection
	GlobalSection(ProjectConfigurationPlatforms) = postSolution
		{61DDCCDC-69B4-4243-9168-145287EAF00A}.Debug|Any CPU.ActiveCfg = Debug|Any CPU
		{61DDCCDC-69B4-4243-9168-145287EAF00A}.Debug|Any CPU.Build.0 = Debug|Any CPU
		{61DDCCDC-69B4-4243-9168-145287EAF00A}.Release|Any CPU.ActiveCfg = Release|Any CPU
		{61DDCCDC-69B4-4243-9168-145287EAF00A}.Release|Any CPU.Build.0 = Release|Any CPU
	EndGlobalSection
	GlobalSection(SolutionProperties) = preSolution
		HideSolutionNode = FALSE
	EndGlobalSection
	GlobalSection(ExtensibilityGlobals) = postSolution
		SolutionGuid = {64FA342D-A501-4494-BAEC-0FC801294D9D}
	EndGlobalSection
EndGlobal
